NeoBundleLock ctrlp.vim 564176f01d7f3f7f8ab452ff4e1f5314de7b0981
NeoBundleLock emmet-vim 0ccaa29dbde268888be21705b0de5de89b59ef48
NeoBundleLock goyo.vim 630f5d80861beb36ae2dfa0c587ec6b51982cff5
NeoBundleLock limelight.vim 153e3f7b78484eb4f5d69833ebf628f44b94996d
NeoBundleLock neobundle.vim 673be4ea1a6c77f5815ffe0738ef12b89f64f66e
NeoBundleLock neosnippet-snippets bb636e9aed21621264b6f109e82d7e2fb7c3a02f
NeoBundleLock neosnippet.vim bbd764ebbc2b80c0981e804b4b3ae0169d43fc02
NeoBundleLock nerdtree 4ebbb533c3faf2c480211db2b547972bb3b60f2b
NeoBundleLock sparkup d400a570bf64b0c216aa7c8e1795820b911a7404
NeoBundleLock supertab 66511772a430a5eaad7f7d03dbb02e8f33c4a641
NeoBundleLock tcomment_vim 52586e67db998a4df9160edc219bf587e3faa634
NeoBundleLock tern_for_vim a26106b42f41edcd8bcd40d750f30339ec37f41c
NeoBundleLock vim-colorschemes 28a989b28457e38df620e4c7ab23e224aff70efe
NeoBundleLock vim-daylight 877695760507a2eed22a63fd86f8662203f83f89
NeoBundleLock vim-easymotion 33f141c3c044b175d53cf161f31b90aebb0bda84
NeoBundleLock vim-hugefile b62941d12370faa5d0c950ee87d4fb5e771c9386
NeoBundleLock vim-janah 3bf361edb1039e1de2cb877b5ddebb3c1ac2fe2f
NeoBundleLock vim-jsx b25141d229270e0992a117cc5f54df6aa0386e0d
NeoBundleLock vim-nodejs-complete 1e2f98f4366c6dec27fa8df72971fa9fa33e9f07
NeoBundleLock vim-startify de965726eb42050821d15eb67e19560785fc3ec0
NeoBundleLock vim-surround 2d05440ad23f97a7874ebd9b5de3a0e65d25d85c
NeoBundleLock vimshell 3787e52766812d8b99a93ccdda57517bc2a0bab6
